
Microsoft Visual Studio Solution File, Format Version 12.00
# Visual Studio Version 17
VisualStudioVersion = 17.14.36811.4 d17.14
MinimumVisualStudioVersion = 10.0.40219.1
Project("{FAE04EC0-301F-11D3-BF4B-00C04F79EFBC}") = "ComputerClassScheduler", "ComputerClassScheduler\ComputerClassScheduler.csproj", "{2D91CEDF-517C-40D7-9DDF-7ED77988A56B}"
EndProject
Project("{FAE04EC0-301F-11D3-BF4B-00C04F79EFBC}") = "ComputerClassScheduler.Tests", "ComputerClassScheduler.Tests\ComputerClassScheduler.Tests.csproj", "{29BE7031-C92C-4232-BCDB-E830678000F1}"
EndProject
Global
	GlobalSection(SolutionConfigurationPlatforms) = preSolution
		Debug|Any CPU = Debug|Any CPU
		Release|Any CPU = Release|Any CPU
	EndGlobalSection
	GlobalSection(ProjectConfigurationPlatforms) = postSolution
		{2D91CEDF-517C-40D7-9DDF-7ED77988A56B}.Debug|Any CPU.ActiveCfg = Debug|Any CPU
		{2D91CEDF-517C-40D7-9DDF-7ED77988A56B}.Debug|Any CPU.Build.0 = Debug|Any CPU
		{2D91CEDF-517C-40D7-9DDF-7ED77988A56B}.Release|Any CPU.ActiveCfg = Release|Any CPU
		{2D91CEDF-517C-40D7-9DDF-7ED77988A56B}.Release|Any CPU.Build.0 = Release|Any CPU
		{29BE7031-C92C-4232-BCDB-E830678000F1}.Debug|Any CPU.ActiveCfg = Debug|Any CPU
		{29BE7031-C92C-4232-BCDB-E830678000F1}.Debug|Any CPU.Build.0 = Debug|Any CPU
		{29BE7031-C92C-4232-BCDB-E830678000F1}.Release|Any CPU.ActiveCfg = Release|Any CPU
		{29BE7031-C92C-4232-BCDB-E830678000F1}.Release|Any CPU.Build.0 = Release|Any CPU
	EndGlobalSection
	GlobalSection(SolutionProperties) = preSolution
		HideSolutionNode = FALSE
	EndGlobalSection
	GlobalSection(ExtensibilityGlobals) = postSolution
		SolutionGuid = {276FFE74-D0DC-4302-AE28-867CE70D6978}
	EndGlobalSection
EndGlobal
